// !$*UTF8*$!
{
	archiveVersion = 1;
	classes = {
	};
	objectVersion = 63;
	objects = {

/* Begin PBXBuildFile section */
		13F9FA9A472799FC9FABF0CB /* DiscoveryView.swift in Sources */ = {isa = PBXBuildFile; fileRef = EE5F11124F6ECCFB987271C5 /* DiscoveryView.swift */; };
		5836075B952FA579911BF621 /* RadarView.swift in Sources */ = {isa = PBXBuildFile; fileRef = 4009222760CF5F12FF94FFFC /* RadarView.swift */; };
		5952BF459221B3A60E2F6F93 /* sokoottannApp.swift in Sources */ = {isa = PBXBuildFile; fileRef = A18C71A04338947C8486CA6D /* sokoottannApp.swift */; };
		6E82422D590BE6F24099E143 /* OnboardingView.swift in Sources */ = {isa = PBXBuildFile; fileRef = 742CF5CD3F94F419281DFCD7 /* OnboardingView.swift */; };
		7AFF0834BFF12CCD5D3D0742 /* MultipeerManager.swift in Sources */ = {isa = PBXBuildFile; fileRef = 05F60624E2967BAC09C1D8A3 /* MultipeerManager.swift */; };
		A1D9919FD6C5E6968E2F1BE3 /* ContentView.swift in Sources */ = {isa = PBXBuildFile; fileRef = 6E115822C92FBD824142F725 /* ContentView.swift */; };
		BD5196A7DF0D691F8265890F /* PeerInfo.swift in Sources */ = {isa = PBXBuildFile; fileRef = 7E34DEB31AC5ABAF006AF58C /* PeerInfo.swift */; };
/* End PBXBuildFile section */

/* Begin PBXFileReference section */
		05F60624E2967BAC09C1D8A3 /* MultipeerManager.swift */ = {isa = PBXFileReference; lastKnownFileType = sourcecode.swift; path = MultipeerManager.swift; sourceTree = "<group>"; };
		4009222760CF5F12FF94FFFC /* RadarView.swift */ = {isa = PBXFileReference; lastKnownFileType = sourcecode.swift; path = RadarView.swift; sourceTree = "<group>"; };
		6E115822C92FBD824142F725 /* ContentView.swift */ = {isa = PBXFileReference; lastKnownFileType = sourcecode.swift; path = ContentView.swift; sourceTree = "<group>"; };
		742CF5CD3F94F419281DFCD7 /* OnboardingView.swift */ = {isa = PBXFileReference; lastKnownFileType = sourcecode.swift; path = OnboardingView.swift; sourceTree = "<group>"; };
		7E34DEB31AC5ABAF006AF58C /* PeerInfo.swift */ = {isa = PBXFileReference; lastKnownFileType = sourcecode.swift; path = PeerInfo.swift; sourceTree = "<group>"; };
		833EDEE5D144117EA1FBDC47 /* sokoottann.app */ = {isa = PBXFileReference; explicitFileType = wrapper.application; includeInIndex = 0; path = sokoottann.app; sourceTree = BUILT_PRODUCTS_DIR; };
		A18C71A04338947C8486CA6D /* sokoottannApp.swift */ = {isa = PBXFileReference; lastKnownFileType = sourcecode.swift; path = sokoottannApp.swift; sourceTree = "<group>"; };
		AB0218FD30D198D1B4AFB91F /* Info.plist */ = {isa = PBXFileReference; lastKnownFileType = text.plist; path = Info.plist; sourceTree = "<group>"; };
		EE5F11124F6ECCFB987271C5 /* DiscoveryView.swift */ = {isa = PBXFileReference; lastKnownFileType = sourcecode.swift; path = DiscoveryView.swift; sourceTree = "<group>"; };
/* End PBXFileReference section */

/* Begin PBXGroup section */
		3917785E4FCBB8336F2DDDBE /* Products */ = {
			isa = PBXGroup;
			children = (
				833EDEE5D144117EA1FBDC47 /* sokoottann.app */,
			);
			name = Products;
			sourceTree = "<group>";
		};
		485115D41B3A5C5DC878E936 /* Models */ = {
			isa = PBXGroup;
			children = (
				7E34DEB31AC5ABAF006AF58C /* PeerInfo.swift */,
			);
			path = Models;
			sourceTree = "<group>";
		};
		A32F926E0568F683AD71ADF6 /* Sources */ = {
			isa = PBXGroup;
			children = (
				AB89C67FCDB69C5EF8D097CF /* sokoottann */,
			);
			path = Sources;
			sourceTree = "<group>";
		};
		AB89C67FCDB69C5EF8D097CF /* sokoottann */ = {
			isa = PBXGroup;
			children = (
				AB0218FD30D198D1B4AFB91F /* Info.plist */,
				A18C71A04338947C8486CA6D /* sokoottannApp.swift */,
				485115D41B3A5C5DC878E936 /* Models */,
				F677E02923B46EB7509ADFED /* Services */,
				D87D1C8DBA140274E42CB13A /* Views */,
			);
			path = sokoottann;
			sourceTree = "<group>";
		};
		D87D1C8DBA140274E42CB13A /* Views */ = {
			isa = PBXGroup;
			children = (
				6E115822C92FBD824142F725 /* ContentView.swift */,
				EE5F11124F6ECCFB987271C5 /* DiscoveryView.swift */,
				742CF5CD3F94F419281DFCD7 /* OnboardingView.swift */,
				4009222760CF5F12FF94FFFC /* RadarView.swift */,
			);
			path = Views;
			sourceTree = "<group>";
		};
		DEB704C401361DA1F86A6593 = {
			isa = PBXGroup;
			children = (
				A32F926E0568F683AD71ADF6 /* Sources */,
				3917785E4FCBB8336F2DDDBE /* Products */,
			);
			sourceTree = "<group>";
		};
		F677E02923B46EB7509ADFED /* Services */ = {
			isa = PBXGroup;
			children = (
				05F60624E2967BAC09C1D8A3 /* MultipeerManager.swift */,
			);
			path = Services;
			sourceTree = "<group>";
		};
/* End PBXGroup section */

/* Begin PBXNativeTarget section */
		4B100385F44DF39C865458E7 /* sokoottann */ = {
			isa = PBXNativeTarget;
			buildConfigurationList = 3AE9BC77295F319BE8F55D34 /* Build configuration list for PBXNativeTarget "sokoottann" */;
			buildPhases = (
				C3FA7BF16FE21905F17B7A00 /* Sources */,
			);
			buildRules = (
			);
			dependencies = (
			);
			name = sokoottann;
			packageProductDependencies = (
			);
			productName = sokoottann;
			productReference = 833EDEE5D144117EA1FBDC47 /* sokoottann.app */;
			productType = "com.apple.product-type.application";
		};
/* End PBXNativeTarget section */

/* Begin PBXProject section */
		59FAA4BA961E8EF847406E77 /* Project object */ = {
			isa = PBXProject;
			attributes = {
				BuildIndependentTargetsInParallel = YES;
				LastUpgradeCheck = 1500;
			};
			buildConfigurationList = 23BCE2C5DFE006C84192A31A /* Build configuration list for PBXProject "sokoottann" */;
			compatibilityVersion = "Xcode 14.0";
			developmentRegion = en;
			hasScannedForEncodings = 0;
			knownRegions = (
				Base,
				en,
			);
			mainGroup = DEB704C401361DA1F86A6593;
			minimizedProjectReferenceProxies = 1;
			projectDirPath = "";
			projectRoot = "";
			targets = (
				4B100385F44DF39C865458E7 /* sokoottann */,
			);
		};
/* End PBXProject section */

/* Begin PBXSourcesBuildPhase section */
		C3FA7BF16FE21905F17B7A00 /* Sources */ = {
			isa = PBXSourcesBuildPhase;
			buildActionMask = 2147483647;
			files = (
				A1D9919FD6C5E6968E2F1BE3 /* ContentView.swift in Sources */,
				13F9FA9A472799FC9FABF0CB /* DiscoveryView.swift in Sources */,
				7AFF0834BFF12CCD5D3D0742 /* MultipeerManager.swift in Sources */,
				6E82422D590BE6F24099E143 /* OnboardingView.swift in Sources */,
				BD5196A7DF0D691F8265890F /* PeerInfo.swift in Sources */,
				5836075B952FA579911BF621 /* RadarView.swift in Sources */,
				5952BF459221B3A60E2F6F93 /* sokoottannApp.swift in Sources */,
			);
			runOnlyForDeploymentPostprocessing = 0;
		};
/* End PBXSourcesBuildPhase section */

/* Begin XCBuildConfiguration section */
		965718A27483F0D581D01C20 /* Release */ = {
			isa = XCBuildConfiguration;
			buildSettings = {
				ALWAYS_SEARCH_USER_PATHS = NO;
				CLANG_ANALYZER_NONNULL = YES;
				CLANG_ANALYZER_NUMBER_OBJECT_CONVERSION = YES_AGGRESSIVE;
				CLANG_CXX_LANGUAGE_STANDARD = "gnu++14";
				CLANG_CXX_LIBRARY = "libc++";
				CLANG_ENABLE_MODULES = YES;
				CLANG_ENABLE_OBJC_ARC = YES;
				CLANG_ENABLE_OBJC_WEAK = YES;
				CLANG_WARN_BLOCK_CAPTURE_AUTORELEASING = YES;
				CLANG_WARN_BOOL_CONVERSION = YES;
				CLANG_WARN_COMMA = YES;
				CLANG_WARN_CONSTANT_CONVERSION = YES;
				CLANG_WARN_DEPRECATED_OBJC_IMPLEMENTATIONS = YES;
				CLANG_WARN_DIRECT_OBJC_ISA_USAGE = YES_ERROR;
				CLANG_WARN_DOCUMENTATION_COMMENTS = YES;
				CLANG_WARN_EMPTY_BODY = YES;
				CLANG_WARN_ENUM_CONVERSION = YES;
				CLANG_WARN_INFINITE_RECURSION = YES;
				CLANG_WARN_INT_CONVERSION = YES;
				CLANG_WARN_NON_LITERAL_NULL_CONVERSION = YES;
				CLANG_WARN_OBJC_IMPLICIT_RETAIN_SELF = YES;
				CLANG_WARN_OBJC_LITERAL_CONVERSION = YES;
				CLANG_WARN_OBJC_ROOT_CLASS = YES_ERROR;
				CLANG_WARN_QUOTED_INCLUDE_IN_FRAMEWORK_HEADER = YES;
				CLANG_WARN_RANGE_LOOP_ANALYSIS = YES;
				CLANG_WARN_STRICT_PROTOTYPES = YES;
				CLANG_WARN_SUSPICIOUS_MOVE = YES;
				CLANG_WARN_UNGUARDED_AVAILABILITY = YES_AGGRESSIVE;
				CLANG_WARN_UNREACHABLE_CODE = YES;
				CLANG_WARN__DUPLICATE_METHOD_MATCH = YES;
				COPY_PHASE_STRIP = NO;
				DEBUG_INFORMATION_FORMAT = "dwarf-with-dsym";
				ENABLE_NS_ASSERTIONS = NO;
				ENABLE_STRICT_OBJC_MSGSEND = YES;
				GCC_C_LANGUAGE_STANDARD = gnu11;
				GCC_NO_COMMON_BLOCKS = YES;
				GCC_WARN_64_TO_32_BIT_CONVERSION = YES;
				GCC_WARN_ABOUT_RETURN_TYPE = YES_ERROR;
				GCC_WARN_UNDECLARED_SELECTOR = YES;
				GCC_WARN_UNINITIALIZED_AUTOS = YES_AGGRESSIVE;
				GCC_WARN_UNUSED_FUNCTION = YES;
				GCC_WARN_UNUSED_VARIABLE = YES;
				IPHONEOS_DEPLOYMENT_TARGET = 17.0;
				MTL_ENABLE_DEBUG_INFO = NO;
				MTL_FAST_MATH = YES;
				PRODUCT_NAME = "$(TARGET_NAME)";
				SDKROOT = iphoneos;
				SWIFT_COMPILATION_MODE = wholemodule;
				SWIFT_OPTIMIZATION_LEVEL = "-O";
				SWIFT_VERSION = 5.0;
			};
			name = Release;
		};
		9F98AA2F50861F1062D15CFA /* Release */ = {
			isa = XCBuildConfiguration;
			buildSettings = {
				ASSETCATALOG_COMPILER_APPICON_NAME = AppIcon;
				CODE_SIGN_IDENTITY = "Apple Development";
				CODE_SIGN_STYLE = Automatic;
				DEVELOPMENT_TEAM = 4NGP3YMB76;
				INFOPLIST_FILE = Sources/sokoottann/Info.plist;
				IPHONEOS_DEPLOYMENT_TARGET = 17.0;
				LD_RUNPATH_SEARCH_PATHS = (
					"$(inherited)",
					"@executable_path/Frameworks",
				);
				PRODUCT_BUNDLE_IDENTIFIER = com.sokoottann.app;
				PROVISIONING_PROFILE_SPECIFIER = "";
				SDKROOT = iphoneos;
				SWIFT_VERSION = 5.9;
				TARGETED_DEVICE_FAMILY = 1;
			};
			name = Release;
		};
		A3BC516AA22AB097329F3D50 /* Debug */ = {
			isa = XCBuildConfiguration;
			buildSettings = {
				ALWAYS_SEARCH_USER_PATHS = NO;
				CLANG_ANALYZER_NONNULL = YES;
				CLANG_ANALYZER_NUMBER_OBJECT_CONVERSION = YES_AGGRESSIVE;
				CLANG_CXX_LANGUAGE_STANDARD = "gnu++14";
				CLANG_CXX_LIBRARY = "libc++";
				CLANG_ENABLE_MODULES = YES;
				CLANG_ENABLE_OBJC_ARC = YES;
				CLANG_ENABLE_OBJC_WEAK = YES;
				CLANG_WARN_BLOCK_CAPTURE_AUTORELEASING = YES;
				CLANG_WARN_BOOL_CONVERSION = YES;
				CLANG_WARN_COMMA = YES;
				CLANG_WARN_CONSTANT_CONVERSION = YES;
				CLANG_WARN_DEPRECATED_OBJC_IMPLEMENTATIONS = YES;
				CLANG_WARN_DIRECT_OBJC_ISA_USAGE = YES_ERROR;
				CLANG_WARN_DOCUMENTATION_COMMENTS = YES;
				CLANG_WARN_EMPTY_BODY = YES;
				CLANG_WARN_ENUM_CONVERSION = YES;
				CLANG_WARN_INFINITE_RECURSION = YES;
				CLANG_WARN_INT_CONVERSION = YES;
				CLANG_WARN_NON_LITERAL_NULL_CONVERSION = YES;
				CLANG_WARN_OBJC_IMPLICIT_RETAIN_SELF = YES;
				CLANG_WARN_OBJC_LITERAL_CONVERSION = YES;
				CLANG_WARN_OBJC_ROOT_CLASS = YES_ERROR;
				CLANG_WARN_QUOTED_INCLUDE_IN_FRAMEWORK_HEADER = YES;
				CLANG_WARN_RANGE_LOOP_ANALYSIS = YES;
				CLANG_WARN_STRICT_PROTOTYPES = YES;
				CLANG_WARN_SUSPICIOUS_MOVE = YES;
				CLANG_WARN_UNGUARDED_AVAILABILITY = YES_AGGRESSIVE;
				CLANG_WARN_UNREACHABLE_CODE = YES;
				CLANG_WARN__DUPLICATE_METHOD_MATCH = YES;
				COPY_PHASE_STRIP = NO;
				DEBUG_INFORMATION_FORMAT = dwarf;
				ENABLE_STRICT_OBJC_MSGSEND = YES;
				ENABLE_TESTABILITY = YES;
				GCC_C_LANGUAGE_STANDARD = gnu11;
				GCC_DYNAMIC_NO_PIC = NO;
				GCC_NO_COMMON_BLOCKS = YES;
				GCC_OPTIMIZATION_LEVEL = 0;
				GCC_PREPROCESSOR_DEFINITIONS = (
					"$(inherited)",
					"DEBUG=1",
				);
				GCC_WARN_64_TO_32_BIT_CONVERSION = YES;
				GCC_WARN_ABOUT_RETURN_TYPE = YES_ERROR;
				GCC_WARN_UNDECLARED_SELECTOR = YES;
				GCC_WARN_UNINITIALIZED_AUTOS = YES_AGGRESSIVE;
				GCC_WARN_UNUSED_FUNCTION = YES;
				GCC_WARN_UNUSED_VARIABLE = YES;
				IPHONEOS_DEPLOYMENT_TARGET = 17.0;
				MTL_ENABLE_DEBUG_INFO = INCLUDE_SOURCE;
				MTL_FAST_MATH = YES;
				ONLY_ACTIVE_ARCH = YES;
				PRODUCT_NAME = "$(TARGET_NAME)";
				SDKROOT = iphoneos;
				SWIFT_ACTIVE_COMPILATION_CONDITIONS = DEBUG;
				SWIFT_OPTIMIZATION_LEVEL = "-Onone";
				SWIFT_VERSION = 5.0;
			};
			name = Debug;
		};
		DD7FAF2DA67914AB38BD8E6E /* Debug */ = {
			isa = XCBuildConfiguration;
			buildSettings = {
				ASSETCATALOG_COMPILER_APPICON_NAME = AppIcon;
				CODE_SIGN_IDENTITY = "Apple Development";
				CODE_SIGN_STYLE = Automatic;
				DEVELOPMENT_TEAM = 4NGP3YMB76;
				INFOPLIST_FILE = Sources/sokoottann/Info.plist;
				IPHONEOS_DEPLOYMENT_TARGET = 17.0;
				LD_RUNPATH_SEARCH_PATHS = (
					"$(inherited)",
					"@executable_path/Frameworks",
				);
				PRODUCT_BUNDLE_IDENTIFIER = com.sokoottann.app;
				PROVISIONING_PROFILE_SPECIFIER = "";
				SDKROOT = iphoneos;
				SWIFT_VERSION = 5.9;
				TARGETED_DEVICE_FAMILY = 1;
			};
			name = Debug;
		};
/* End XCBuildConfiguration section */

/* Begin XCConfigurationList section */
		23BCE2C5DFE006C84192A31A /* Build configuration list for PBXProject "sokoottann" */ = {
			isa = XCConfigurationList;
			buildConfigurations = (
				A3BC516AA22AB097329F3D50 /* Debug */,
				965718A27483F0D581D01C20 /* Release */,
			);
			defaultConfigurationIsVisible = 0;
			defaultConfigurationName = Debug;
		};
		3AE9BC77295F319BE8F55D34 /* Build configuration list for PBXNativeTarget "sokoottann" */ = {
			isa = XCConfigurationList;
			buildConfigurations = (
				DD7FAF2DA67914AB38BD8E6E /* Debug */,
				9F98AA2F50861F1062D15CFA /* Release */,
			);
			defaultConfigurationIsVisible = 0;
			defaultConfigurationName = Debug;
		};
/* End XCConfigurationList section */
	};
	rootObject = 59FAA4BA961E8EF847406E77 /* Project object */;
}
